
Microsoft Visual Studio Solution File, Format Version 12.00
# Visual Studio Version 16
VisualStudioVersion = 16.0.33927.289
MinimumVisualStudioVersion = 10.0.40219.1
Project("{FAE04EC0-301F-11D3-BF4B-00C04F79EFBC}") = "Tyuiu.NikolaevaAN.SprintReview1.V26", "Tyuiu.NikolaevaAN.SprintReview1.V26\Tyuiu.NikolaevaAN.SprintReview1.V26.csproj", "{2EB736C1-5B4C-4869-B2AD-2374D35D5FE1}"
EndProject
Project("{FAE04EC0-301F-11D3-BF4B-00C04F79EFBC}") = "Tyuiu.NikolaevaAN.SprintReview1.V26.Lib", "Tyuiu.NikolaevaAN.SprintReview1.V26.Lib\Tyuiu.NikolaevaAN.SprintReview1.V26.Lib.csproj", "{C740C8F5-6729-4146-A143-A1DE4853F5B6}"
EndProject
Project("{FAE04EC0-301F-11D3-BF4B-00C04F79EFBC}") = "Tyuiu.NikolaevaAN.SprintReview1.V26.Test", "Tyuiu.NikolaevaAN.SprintReview1.V26.Test\Tyuiu.NikolaevaAN.SprintReview1.V26.Test.csproj", "{9CBED395-5C93-44CE-A057-50A89F5176B1}"
EndProject
Global
	GlobalSection(SolutionConfigurationPlatforms) = preSolution
		Debug|Any CPU = Debug|Any CPU
		Release|Any CPU = Release|Any CPU
	EndGlobalSection
	GlobalSection(ProjectConfigurationPlatforms) = postSolution
		{2EB736C1-5B4C-4869-B2AD-2374D35D5FE1}.Debug|Any CPU.ActiveCfg = Debug|Any CPU
		{2EB736C1-5B4C-4869-B2AD-2374D35D5FE1}.Debug|Any CPU.Build.0 = Debug|Any CPU
		{2EB736C1-5B4C-4869-B2AD-2374D35D5FE1}.Release|Any CPU.ActiveCfg = Release|Any CPU
		{2EB736C1-5B4C-4869-B2AD-2374D35D5FE1}.Release|Any CPU.Build.0 = Release|Any CPU
		{C740C8F5-6729-4146-A143-A1DE4853F5B6}.Debug|Any CPU.ActiveCfg = Debug|Any CPU
		{C740C8F5-6729-4146-A143-A1DE4853F5B6}.Debug|Any CPU.Build.0 = Debug|Any CPU
		{C740C8F5-6729-4146-A143-A1DE4853F5B6}.Release|Any CPU.ActiveCfg = Release|Any CPU
		{C740C8F5-6729-4146-A143-A1DE4853F5B6}.Release|Any CPU.Build.0 = Release|Any CPU
		{9CBED395-5C93-44CE-A057-50A89F5176B1}.Debug|Any CPU.ActiveCfg = Debug|Any CPU
		{9CBED395-5C93-44CE-A057-50A89F5176B1}.Debug|Any CPU.Build.0 = Debug|Any CPU
		{9CBED395-5C93-44CE-A057-50A89F5176B1}.Release|Any CPU.ActiveCfg = Release|Any CPU
		{9CBED395-5C93-44CE-A057-50A89F5176B1}.Release|Any CPU.Build.0 = Release|Any CPU
	EndGlobalSection
	GlobalSection(SolutionProperties) = preSolution
		HideSolutionNode = FALSE
	EndGlobalSection
	GlobalSection(ExtensibilityGlobals) = postSolution
		SolutionGuid = {7F353FA8-193B-4B49-BA58-961004242F6A}
	EndGlobalSection
EndGlobal
